// !$*UTF8*$!
{
	archiveVersion = 1;
	classes = {
	};
	objectVersion = 60;
	objects = {

/* Begin PBXBuildFile section */
		A99ECDA42C64AD8000F4C62F /* Experience.swift in Sources */ = {isa = PBXBuildFile; fileRef = A99ECDA32C64AD8000F4C62F /* Experience.swift */; };
		A99ECDA72C64D19600F4C62F /* FirstPageView.swift in Sources */ = {isa = PBXBuildFile; fileRef = A99ECDA62C64D19600F4C62F /* FirstPageView.swift */; };
		A99ECDA92C64D1DD00F4C62F /* SecondPageView.swift in Sources */ = {isa = PBXBuildFile; fileRef = A99ECDA82C64D1DD00F4C62F /* SecondPageView.swift */; };
		A99ECDAB2C64F73E00F4C62F /* SectionViewModifier.swift in Sources */ = {isa = PBXBuildFile; fileRef = A99ECDAA2C64F73E00F4C62F /* SectionViewModifier.swift */; };
		A99ECDAD2C64F91500F4C62F /* WrappingHStack.swift in Sources */ = {isa = PBXBuildFile; fileRef = A99ECDAC2C64F91500F4C62F /* WrappingHStack.swift */; };
		BA6338C12C650F1E00275FC7 /* SkillsView.swift in Sources */ = {isa = PBXBuildFile; fileRef = BA6338C02C650F1E00275FC7 /* SkillsView.swift */; };
		BA6338C32C6522C700275FC7 /* Skills.swift in Sources */ = {isa = PBXBuildFile; fileRef = BA6338C22C6522C700275FC7 /* Skills.swift */; };
		BA6338C62C6610F700275FC7 /* OnlineLinksView.swift in Sources */ = {isa = PBXBuildFile; fileRef = BA6338C52C6610F700275FC7 /* OnlineLinksView.swift */; };
		BA6338C82C6612A500275FC7 /* Links.swift in Sources */ = {isa = PBXBuildFile; fileRef = BA6338C72C6612A500275FC7 /* Links.swift */; };
		BA6338CA2C66163C00275FC7 /* Header.swift in Sources */ = {isa = PBXBuildFile; fileRef = BA6338C92C66163C00275FC7 /* Header.swift */; };
		BA6338CC2C66170900275FC7 /* Education.swift in Sources */ = {isa = PBXBuildFile; fileRef = BA6338CB2C66170900275FC7 /* Education.swift */; };
		BA6338D02C661BFE00275FC7 /* PDFStyleViewModifier.swift in Sources */ = {isa = PBXBuildFile; fileRef = BA6338CF2C661BFE00275FC7 /* PDFStyleViewModifier.swift */; };
		BA6338D22C661CD500275FC7 /* ProjectsView.swift in Sources */ = {isa = PBXBuildFile; fileRef = BA6338D12C661CD500275FC7 /* ProjectsView.swift */; };
		BA6338D42C661D3C00275FC7 /* Projects.swift in Sources */ = {isa = PBXBuildFile; fileRef = BA6338D32C661D3C00275FC7 /* Projects.swift */; };
		BA6338D62C6637E000275FC7 /* FooterViewModifier.swift in Sources */ = {isa = PBXBuildFile; fileRef = BA6338D52C6637E000275FC7 /* FooterViewModifier.swift */; };
		BA6338D82C66462700275FC7 /* PDFFont.swift in Sources */ = {isa = PBXBuildFile; fileRef = BA6338D72C66462700275FC7 /* PDFFont.swift */; };
		BA694DB22C6291910084B058 /* JoeMaghzalResumeApp.swift in Sources */ = {isa = PBXBuildFile; fileRef = BA694DB12C6291910084B058 /* JoeMaghzalResumeApp.swift */; };
		BA694DB42C6291910084B058 /* ContentView.swift in Sources */ = {isa = PBXBuildFile; fileRef = BA694DB32C6291910084B058 /* ContentView.swift */; };
		BA694DB62C6291910084B058 /* Assets.xcassets in Resources */ = {isa = PBXBuildFile; fileRef = BA694DB52C6291910084B058 /* Assets.xcassets */; };
		BA694DB92C6291910084B058 /* Preview Assets.xcassets in Resources */ = {isa = PBXBuildFile; fileRef = BA694DB82C6291910084B058 /* Preview Assets.xcassets */; };
		BA694DC12C6291F70084B058 /* PDFRenderer.swift in Sources */ = {isa = PBXBuildFile; fileRef = BA694DC02C6291F70084B058 /* PDFRenderer.swift */; };
		BA694DD12C63C67D0084B058 /* TableView.swift in Sources */ = {isa = PBXBuildFile; fileRef = BA694DCE2C63C67D0084B058 /* TableView.swift */; };
		BA694DD22C63C67D0084B058 /* HeaderItemsView.swift in Sources */ = {isa = PBXBuildFile; fileRef = BA694DCC2C63C67D0084B058 /* HeaderItemsView.swift */; };
/* End PBXBuildFile section */

/* Begin PBXFileReference section */
		A99ECDA32C64AD8000F4C62F /* Experience.swift */ = {isa = PBXFileReference; lastKnownFileType = sourcecode.swift; path = Experience.swift; sourceTree = "<group>"; };
		A99ECDA62C64D19600F4C62F /* FirstPageView.swift */ = {isa = PBXFileReference; lastKnownFileType = sourcecode.swift; path = FirstPageView.swift; sourceTree = "<group>"; };
		A99ECDA82C64D1DD00F4C62F /* SecondPageView.swift */ = {isa = PBXFileReference; lastKnownFileType = sourcecode.swift; path = SecondPageView.swift; sourceTree = "<group>"; };
		A99ECDAA2C64F73E00F4C62F /* SectionViewModifier.swift */ = {isa = PBXFileReference; lastKnownFileType = sourcecode.swift; path = SectionViewModifier.swift; sourceTree = "<group>"; };
		A99ECDAC2C64F91500F4C62F /* WrappingHStack.swift */ = {isa = PBXFileReference; lastKnownFileType = sourcecode.swift; path = WrappingHStack.swift; sourceTree = "<group>"; };
		BA6338C02C650F1E00275FC7 /* SkillsView.swift */ = {isa = PBXFileReference; lastKnownFileType = sourcecode.swift; path = SkillsView.swift; sourceTree = "<group>"; };
		BA6338C22C6522C700275FC7 /* Skills.swift */ = {isa = PBXFileReference; lastKnownFileType = sourcecode.swift; path = Skills.swift; sourceTree = "<group>"; };
		BA6338C52C6610F700275FC7 /* OnlineLinksView.swift */ = {isa = PBXFileReference; lastKnownFileType = sourcecode.swift; path = OnlineLinksView.swift; sourceTree = "<group>"; };
		BA6338C72C6612A500275FC7 /* Links.swift */ = {isa = PBXFileReference; lastKnownFileType = sourcecode.swift; path = Links.swift; sourceTree = "<group>"; };
		BA6338C92C66163C00275FC7 /* Header.swift */ = {isa = PBXFileReference; lastKnownFileType = sourcecode.swift; path = Header.swift; sourceTree = "<group>"; };
		BA6338CB2C66170900275FC7 /* Education.swift */ = {isa = PBXFileReference; lastKnownFileType = sourcecode.swift; path = Education.swift; sourceTree = "<group>"; };
		BA6338CF2C661BFE00275FC7 /* PDFStyleViewModifier.swift */ = {isa = PBXFileReference; lastKnownFileType = sourcecode.swift; path = PDFStyleViewModifier.swift; sourceTree = "<group>"; };
		BA6338D12C661CD500275FC7 /* ProjectsView.swift */ = {isa = PBXFileReference; lastKnownFileType = sourcecode.swift; path = ProjectsView.swift; sourceTree = "<group>"; };
		BA6338D32C661D3C00275FC7 /* Projects.swift */ = {isa = PBXFileReference; lastKnownFileType = sourcecode.swift; path = Projects.swift; sourceTree = "<group>"; };
		BA6338D52C6637E000275FC7 /* FooterViewModifier.swift */ = {isa = PBXFileReference; lastKnownFileType = sourcecode.swift; path = FooterViewModifier.swift; sourceTree = "<group>"; };
		BA6338D72C66462700275FC7 /* PDFFont.swift */ = {isa = PBXFileReference; lastKnownFileType = sourcecode.swift; path = PDFFont.swift; sourceTree = "<group>"; };
		BA694DAE2C6291910084B058 /* JoeMaghzalResume.app */ = {isa = PBXFileReference; explicitFileType = wrapper.application; includeInIndex = 0; path = JoeMaghzalResume.app; sourceTree = BUILT_PRODUCTS_DIR; };
		BA694DB12C6291910084B058 /* JoeMaghzalResumeApp.swift */ = {isa = PBXFileReference; lastKnownFileType = sourcecode.swift; path = JoeMaghzalResumeApp.swift; sourceTree = "<group>"; };
		BA694DB32C6291910084B058 /* ContentView.swift */ = {isa = PBXFileReference; lastKnownFileType = sourcecode.swift; path = ContentView.swift; sourceTree = "<group>"; };
		BA694DB52C6291910084B058 /* Assets.xcassets */ = {isa = PBXFileReference; lastKnownFileType = folder.assetcatalog; path = Assets.xcassets; sourceTree = "<group>"; };
		BA694DB82C6291910084B058 /* Preview Assets.xcassets */ = {isa = PBXFileReference; lastKnownFileType = folder.assetcatalog; path = "Preview Assets.xcassets"; sourceTree = "<group>"; };
		BA694DBA2C6291910084B058 /* JoeMaghzalResume.entitlements */ = {isa = PBXFileReference; lastKnownFileType = text.plist.entitlements; path = JoeMaghzalResume.entitlements; sourceTree = "<group>"; };
		BA694DC02C6291F70084B058 /* PDFRenderer.swift */ = {isa = PBXFileReference; lastKnownFileType = sourcecode.swift; path = PDFRenderer.swift; sourceTree = "<group>"; };
		BA694DCC2C63C67D0084B058 /* HeaderItemsView.swift */ = {isa = PBXFileReference; lastKnownFileType = sourcecode.swift; path = HeaderItemsView.swift; sourceTree = "<group>"; };
		BA694DCE2C63C67D0084B058 /* TableView.swift */ = {isa = PBXFileReference; lastKnownFileType = sourcecode.swift; path = TableView.swift; sourceTree = "<group>"; };
/* End PBXFileReference section */

/* Begin PBXFrameworksBuildPhase section */
		BA694DAB2C6291910084B058 /* Frameworks */ = {
			isa = PBXFrameworksBuildPhase;
			buildActionMask = 2147483647;
			files = (
			);
			runOnlyForDeploymentPostprocessing = 0;
		};
/* End PBXFrameworksBuildPhase section */

/* Begin PBXGroup section */
		A99ECDA22C64AD7400F4C62F /* Views */ = {
			isa = PBXGroup;
			children = (
				A99ECDA62C64D19600F4C62F /* FirstPageView.swift */,
				A99ECDA82C64D1DD00F4C62F /* SecondPageView.swift */,
				BA694DCC2C63C67D0084B058 /* HeaderItemsView.swift */,
				BA694DCE2C63C67D0084B058 /* TableView.swift */,
				BA6338C02C650F1E00275FC7 /* SkillsView.swift */,
				BA6338C52C6610F700275FC7 /* OnlineLinksView.swift */,
				BA6338D12C661CD500275FC7 /* ProjectsView.swift */,
			);
			path = Views;
			sourceTree = "<group>";
		};
		A99ECDA52C64AEF300F4C62F /* Data */ = {
			isa = PBXGroup;
			children = (
				A99ECDA32C64AD8000F4C62F /* Experience.swift */,
				BA6338CB2C66170900275FC7 /* Education.swift */,
				BA6338C72C6612A500275FC7 /* Links.swift */,
				BA6338C22C6522C700275FC7 /* Skills.swift */,
				BA6338C92C66163C00275FC7 /* Header.swift */,
				BA6338D32C661D3C00275FC7 /* Projects.swift */,
			);
			path = Data;
			sourceTree = "<group>";
		};
		BA6338C42C6610E300275FC7 /* Components */ = {
			isa = PBXGroup;
			children = (
				A99ECDAA2C64F73E00F4C62F /* SectionViewModifier.swift */,
				A99ECDAC2C64F91500F4C62F /* WrappingHStack.swift */,
				BA6338CF2C661BFE00275FC7 /* PDFStyleViewModifier.swift */,
				BA6338D52C6637E000275FC7 /* FooterViewModifier.swift */,
				BA6338D72C66462700275FC7 /* PDFFont.swift */,
			);
			path = Components;
			sourceTree = "<group>";
		};
		BA694DA52C6291910084B058 = {
			isa = PBXGroup;
			children = (
				BA694DB02C6291910084B058 /* JoeMaghzalResume */,
				BA694DAF2C6291910084B058 /* Products */,
			);
			sourceTree = "<group>";
		};
		BA694DAF2C6291910084B058 /* Products */ = {
			isa = PBXGroup;
			children = (
				BA694DAE2C6291910084B058 /* JoeMaghzalResume.app */,
			);
			name = Products;
			sourceTree = "<group>";
		};
		BA694DB02C6291910084B058 /* JoeMaghzalResume */ = {
			isa = PBXGroup;
			children = (
				BA694DCF2C63C67D0084B058 /* Resume */,
				BA694DB12C6291910084B058 /* JoeMaghzalResumeApp.swift */,
				BA694DB32C6291910084B058 /* ContentView.swift */,
				BA694DC02C6291F70084B058 /* PDFRenderer.swift */,
				BA694DB52C6291910084B058 /* Assets.xcassets */,
				BA694DBA2C6291910084B058 /* JoeMaghzalResume.entitlements */,
				BA694DB72C6291910084B058 /* Preview Content */,
			);
			path = JoeMaghzalResume;
			sourceTree = "<group>";
		};
		BA694DB72C6291910084B058 /* Preview Content */ = {
			isa = PBXGroup;
			children = (
				BA694DB82C6291910084B058 /* Preview Assets.xcassets */,
			);
			path = "Preview Content";
			sourceTree = "<group>";
		};
		BA694DCF2C63C67D0084B058 /* Resume */ = {
			isa = PBXGroup;
			children = (
				A99ECDA22C64AD7400F4C62F /* Views */,
				A99ECDA52C64AEF300F4C62F /* Data */,
				BA6338C42C6610E300275FC7 /* Components */,
			);
			path = Resume;
			sourceTree = "<group>";
		};
/* End PBXGroup section */

/* Begin PBXNativeTarget section */
		BA694DAD2C6291910084B058 /* JoeMaghzalResume */ = {
			isa = PBXNativeTarget;
			buildConfigurationList = BA694DBD2C6291910084B058 /* Build configuration list for PBXNativeTarget "JoeMaghzalResume" */;
			buildPhases = (
				BA694DAA2C6291910084B058 /* Sources */,
				BA694DAB2C6291910084B058 /* Frameworks */,
				BA694DAC2C6291910084B058 /* Resources */,
			);
			buildRules = (
			);
			dependencies = (
			);
			name = JoeMaghzalResume;
			productName = JoeMaghzalResume;
			productReference = BA694DAE2C6291910084B058 /* JoeMaghzalResume.app */;
			productType = "com.apple.product-type.application";
		};
/* End PBXNativeTarget section */

/* Begin PBXProject section */
		BA694DA62C6291910084B058 /* Project object */ = {
			isa = PBXProject;
			attributes = {
				BuildIndependentTargetsInParallel = 1;
				LastSwiftUpdateCheck = 1600;
				LastUpgradeCheck = 1600;
				TargetAttributes = {
					BA694DAD2C6291910084B058 = {
						CreatedOnToolsVersion = 16.0;
					};
				};
			};
			buildConfigurationList = BA694DA92C6291910084B058 /* Build configuration list for PBXProject "JoeMaghzalResume" */;
			compatibilityVersion = "Xcode 15.0";
			developmentRegion = en;
			hasScannedForEncodings = 0;
			knownRegions = (
				en,
				Base,
			);
			mainGroup = BA694DA52C6291910084B058;
			productRefGroup = BA694DAF2C6291910084B058 /* Products */;
			projectDirPath = "";
			projectRoot = "";
			targets = (
				BA694DAD2C6291910084B058 /* JoeMaghzalResume */,
			);
		};
/* End PBXProject section */

/* Begin PBXResourcesBuildPhase section */
		BA694DAC2C6291910084B058 /* Resources */ = {
			isa = PBXResourcesBuildPhase;
			buildActionMask = 2147483647;
			files = (
				BA694DB92C6291910084B058 /* Preview Assets.xcassets in Resources */,
				BA694DB62C6291910084B058 /* Assets.xcassets in Resources */,
			);
			runOnlyForDeploymentPostprocessing = 0;
		};
/* End PBXResourcesBuildPhase section */

/* Begin PBXSourcesBuildPhase section */
		BA694DAA2C6291910084B058 /* Sources */ = {
			isa = PBXSourcesBuildPhase;
			buildActionMask = 2147483647;
			files = (
				BA6338C62C6610F700275FC7 /* OnlineLinksView.swift in Sources */,
				BA694DD12C63C67D0084B058 /* TableView.swift in Sources */,
				BA6338D22C661CD500275FC7 /* ProjectsView.swift in Sources */,
				BA6338C32C6522C700275FC7 /* Skills.swift in Sources */,
				BA694DD22C63C67D0084B058 /* HeaderItemsView.swift in Sources */,
				BA6338D02C661BFE00275FC7 /* PDFStyleViewModifier.swift in Sources */,
				BA694DC12C6291F70084B058 /* PDFRenderer.swift in Sources */,
				BA6338D42C661D3C00275FC7 /* Projects.swift in Sources */,
				BA6338C12C650F1E00275FC7 /* SkillsView.swift in Sources */,
				BA6338D82C66462700275FC7 /* PDFFont.swift in Sources */,
				BA6338CC2C66170900275FC7 /* Education.swift in Sources */,
				BA694DB42C6291910084B058 /* ContentView.swift in Sources */,
				A99ECDA92C64D1DD00F4C62F /* SecondPageView.swift in Sources */,
				A99ECDAD2C64F91500F4C62F /* WrappingHStack.swift in Sources */,
				A99ECDAB2C64F73E00F4C62F /* SectionViewModifier.swift in Sources */,
				BA6338CA2C66163C00275FC7 /* Header.swift in Sources */,
				A99ECDA42C64AD8000F4C62F /* Experience.swift in Sources */,
				BA6338C82C6612A500275FC7 /* Links.swift in Sources */,
				BA694DB22C6291910084B058 /* JoeMaghzalResumeApp.swift in Sources */,
				A99ECDA72C64D19600F4C62F /* FirstPageView.swift in Sources */,
				BA6338D62C6637E000275FC7 /* FooterViewModifier.swift in Sources */,
			);
			runOnlyForDeploymentPostprocessing = 0;
		};
/* End PBXSourcesBuildPhase section */

/* Begin XCBuildConfiguration section */
		BA694DBB2C6291910084B058 /* Debug */ = {
			isa = XCBuildConfiguration;
			buildSettings = {
				ALWAYS_SEARCH_USER_PATHS = NO;
				ASSETCATALOG_COMPILER_GENERATE_SWIFT_ASSET_SYMBOL_EXTENSIONS = YES;
				CLANG_ANALYZER_NONNULL = YES;
				CLANG_ANALYZER_NUMBER_OBJECT_CONVERSION = YES_AGGRESSIVE;
				CLANG_CXX_LANGUAGE_STANDARD = "gnu++20";
				CLANG_ENABLE_MODULES = YES;
				CLANG_ENABLE_OBJC_ARC = YES;
				CLANG_ENABLE_OBJC_WEAK = YES;
				CLANG_WARN_BLOCK_CAPTURE_AUTORELEASING = YES;
				CLANG_WARN_BOOL_CONVERSION = YES;
				CLANG_WARN_COMMA = YES;
				CLANG_WARN_CONSTANT_CONVERSION = YES;
				CLANG_WARN_DEPRECATED_OBJC_IMPLEMENTATIONS = YES;
				CLANG_WARN_DIRECT_OBJC_ISA_USAGE = YES_ERROR;
				CLANG_WARN_DOCUMENTATION_COMMENTS = YES;
				CLANG_WARN_EMPTY_BODY = YES;
				CLANG_WARN_ENUM_CONVERSION = YES;
				CLANG_WARN_INFINITE_RECURSION = YES;
				CLANG_WARN_INT_CONVERSION = YES;
				CLANG_WARN_NON_LITERAL_NULL_CONVERSION = YES;
				CLANG_WARN_OBJC_IMPLICIT_RETAIN_SELF = YES;
				CLANG_WARN_OBJC_LITERAL_CONVERSION = YES;
				CLANG_WARN_OBJC_ROOT_CLASS = YES_ERROR;
				CLANG_WARN_QUOTED_INCLUDE_IN_FRAMEWORK_HEADER = YES;
				CLANG_WARN_RANGE_LOOP_ANALYSIS = YES;
				CLANG_WARN_STRICT_PROTOTYPES = YES;
				CLANG_WARN_SUSPICIOUS_MOVE = YES;
				CLANG_WARN_UNGUARDED_AVAILABILITY = YES_AGGRESSIVE;
				CLANG_WARN_UNREACHABLE_CODE = YES;
				CLANG_WARN__DUPLICATE_METHOD_MATCH = YES;
				COPY_PHASE_STRIP = NO;
				DEBUG_INFORMATION_FORMAT = dwarf;
				ENABLE_STRICT_OBJC_MSGSEND = YES;
				ENABLE_TESTABILITY = YES;
				ENABLE_USER_SCRIPT_SANDBOXING = YES;
				GCC_C_LANGUAGE_STANDARD = gnu17;
				GCC_DYNAMIC_NO_PIC = NO;
				GCC_NO_COMMON_BLOCKS = YES;
				GCC_OPTIMIZATION_LEVEL = 0;
				GCC_PREPROCESSOR_DEFINITIONS = (
					"DEBUG=1",
					"$(inherited)",
				);
				GCC_WARN_64_TO_32_BIT_CONVERSION = YES;
				GCC_WARN_ABOUT_RETURN_TYPE = YES_ERROR;
				GCC_WARN_UNDECLARED_SELECTOR = YES;
				GCC_WARN_UNINITIALIZED_AUTOS = YES_AGGRESSIVE;
				GCC_WARN_UNUSED_FUNCTION = YES;
				GCC_WARN_UNUSED_VARIABLE = YES;
				LOCALIZATION_PREFERS_STRING_CATALOGS = YES;
				MACOSX_DEPLOYMENT_TARGET = 14.5;
				MTL_ENABLE_DEBUG_INFO = INCLUDE_SOURCE;
				MTL_FAST_MATH = YES;
				ONLY_ACTIVE_ARCH = YES;
				SDKROOT = macosx;
				SWIFT_ACTIVE_COMPILATION_CONDITIONS = "DEBUG $(inherited)";
				SWIFT_OPTIMIZATION_LEVEL = "-Onone";
			};
			name = Debug;
		};
		BA694DBC2C6291910084B058 /* Release */ = {
			isa = XCBuildConfiguration;
			buildSettings = {
				ALWAYS_SEARCH_USER_PATHS = NO;
				ASSETCATALOG_COMPILER_GENERATE_SWIFT_ASSET_SYMBOL_EXTENSIONS = YES;
				CLANG_ANALYZER_NONNULL = YES;
				CLANG_ANALYZER_NUMBER_OBJECT_CONVERSION = YES_AGGRESSIVE;
				CLANG_CXX_LANGUAGE_STANDARD = "gnu++20";
				CLANG_ENABLE_MODULES = YES;
				CLANG_ENABLE_OBJC_ARC = YES;
				CLANG_ENABLE_OBJC_WEAK = YES;
				CLANG_WARN_BLOCK_CAPTURE_AUTORELEASING = YES;
				CLANG_WARN_BOOL_CONVERSION = YES;
				CLANG_WARN_COMMA = YES;
				CLANG_WARN_CONSTANT_CONVERSION = YES;
				CLANG_WARN_DEPRECATED_OBJC_IMPLEMENTATIONS = YES;
				CLANG_WARN_DIRECT_OBJC_ISA_USAGE = YES_ERROR;
				CLANG_WARN_DOCUMENTATION_COMMENTS = YES;
				CLANG_WARN_EMPTY_BODY = YES;
				CLANG_WARN_ENUM_CONVERSION = YES;
				CLANG_WARN_INFINITE_RECURSION = YES;
				CLANG_WARN_INT_CONVERSION = YES;
				CLANG_WARN_NON_LITERAL_NULL_CONVERSION = YES;
				CLANG_WARN_OBJC_IMPLICIT_RETAIN_SELF = YES;
				CLANG_WARN_OBJC_LITERAL_CONVERSION = YES;
				CLANG_WARN_OBJC_ROOT_CLASS = YES_ERROR;
				CLANG_WARN_QUOTED_INCLUDE_IN_FRAMEWORK_HEADER = YES;
				CLANG_WARN_RANGE_LOOP_ANALYSIS = YES;
				CLANG_WARN_STRICT_PROTOTYPES = YES;
				CLANG_WARN_SUSPICIOUS_MOVE = YES;
				CLANG_WARN_UNGUARDED_AVAILABILITY = YES_AGGRESSIVE;
				CLANG_WARN_UNREACHABLE_CODE = YES;
				CLANG_WARN__DUPLICATE_METHOD_MATCH = YES;
				COPY_PHASE_STRIP = NO;
				DEBUG_INFORMATION_FORMAT = "dwarf-with-dsym";
				ENABLE_NS_ASSERTIONS = NO;
				ENABLE_STRICT_OBJC_MSGSEND = YES;
				ENABLE_USER_SCRIPT_SANDBOXING = YES;
				GCC_C_LANGUAGE_STANDARD = gnu17;
				GCC_NO_COMMON_BLOCKS = YES;
				GCC_WARN_64_TO_32_BIT_CONVERSION = YES;
				GCC_WARN_ABOUT_RETURN_TYPE = YES_ERROR;
				GCC_WARN_UNDECLARED_SELECTOR = YES;
				GCC_WARN_UNINITIALIZED_AUTOS = YES_AGGRESSIVE;
				GCC_WARN_UNUSED_FUNCTION = YES;
				GCC_WARN_UNUSED_VARIABLE = YES;
				LOCALIZATION_PREFERS_STRING_CATALOGS = YES;
				MACOSX_DEPLOYMENT_TARGET = 14.5;
				MTL_ENABLE_DEBUG_INFO = NO;
				MTL_FAST_MATH = YES;
				SDKROOT = macosx;
				SWIFT_COMPILATION_MODE = wholemodule;
			};
			name = Release;
		};
		BA694DBE2C6291910084B058 /* Debug */ = {
			isa = XCBuildConfiguration;
			buildSettings = {
				ASSETCATALOG_COMPILER_APPICON_NAME = AppIcon;
				ASSETCATALOG_COMPILER_GLOBAL_ACCENT_COLOR_NAME = AccentColor;
				CODE_SIGN_ENTITLEMENTS = JoeMaghzalResume/JoeMaghzalResume.entitlements;
				"CODE_SIGN_IDENTITY[sdk=macosx*]" = "-";
				CODE_SIGN_STYLE = Automatic;
				COMBINE_HIDPI_IMAGES = YES;
				CURRENT_PROJECT_VERSION = 1;
				DEVELOPMENT_ASSET_PATHS = "\"JoeMaghzalResume/Preview Content\"";
				ENABLE_PREVIEWS = YES;
				GENERATE_INFOPLIST_FILE = YES;
				INFOPLIST_KEY_NSHumanReadableCopyright = "";
				LD_RUNPATH_SEARCH_PATHS = (
					"$(inherited)",
					"@executable_path/../Frameworks",
				);
				MACOSX_DEPLOYMENT_TARGET = 14.0;
				MARKETING_VERSION = 1.0;
				PRODUCT_NAME = "$(TARGET_NAME)";
				SWIFT_EMIT_LOC_STRINGS = YES;
				SWIFT_VERSION = 5.0;
			};
			name = Debug;
		};
		BA694DBF2C6291910084B058 /* Release */ = {
			isa = XCBuildConfiguration;
			buildSettings = {
				ASSETCATALOG_COMPILER_APPICON_NAME = AppIcon;
				ASSETCATALOG_COMPILER_GLOBAL_ACCENT_COLOR_NAME = AccentColor;
				CODE_SIGN_ENTITLEMENTS = JoeMaghzalResume/JoeMaghzalResume.entitlements;
				"CODE_SIGN_IDENTITY[sdk=macosx*]" = "-";
				CODE_SIGN_STYLE = Automatic;
				COMBINE_HIDPI_IMAGES = YES;
				CURRENT_PROJECT_VERSION = 1;
				DEVELOPMENT_ASSET_PATHS = "\"JoeMaghzalResume/Preview Content\"";
				ENABLE_PREVIEWS = YES;
				GENERATE_INFOPLIST_FILE = YES;
				INFOPLIST_KEY_NSHumanReadableCopyright = "";
				LD_RUNPATH_SEARCH_PATHS = (
					"$(inherited)",
					"@executable_path/../Frameworks",
				);
				MACOSX_DEPLOYMENT_TARGET = 14.0;
				MARKETING_VERSION = 1.0;
				PRODUCT_NAME = "$(TARGET_NAME)";
				SWIFT_EMIT_LOC_STRINGS = YES;
				SWIFT_VERSION = 5.0;
			};
			name = Release;
		};
/* End XCBuildConfiguration section */

/* Begin XCConfigurationList section */
		BA694DA92C6291910084B058 /* Build configuration list for PBXProject "JoeMaghzalResume" */ = {
			isa = XCConfigurationList;
			buildConfigurations = (
				BA694DBB2C6291910084B058 /* Debug */,
				BA694DBC2C6291910084B058 /* Release */,
			);
			defaultConfigurationIsVisible = 0;
			defaultConfigurationName = Release;
		};
		BA694DBD2C6291910084B058 /* Build configuration list for PBXNativeTarget "JoeMaghzalResume" */ = {
			isa = XCConfigurationList;
			buildConfigurations = (
				BA694DBE2C6291910084B058 /* Debug */,
				BA694DBF2C6291910084B058 /* Release */,
			);
			defaultConfigurationIsVisible = 0;
			defaultConfigurationName = Release;
		};
/* End XCConfigurationList section */
	};
	rootObject = BA694DA62C6291910084B058 /* Project object */;
}
